
Microsoft Visual Studio Solution File, Format Version 12.00
# Visual Studio 15
VisualStudioVersion = 15.0.26730.16
MinimumVisualStudioVersion = 10.0.40219.1
Project("{00D1A9C2-B5F0-4AF3-8072-F6C62B433612}") = "ContosoUniversityData", "ContosoUniversityData\ContosoUniversityData.sqlproj", "{D5FCACDE-239C-4494-B86B-594388865CD4}"
EndProject
Global
	GlobalSection(SolutionConfigurationPlatforms) = preSolution
		Debug|Any CPU = Debug|Any CPU
		Release|Any CPU = Release|Any CPU
	EndGlobalSection
	GlobalSection(ProjectConfigurationPlatforms) = postSolution
		{D5FCACDE-239C-4494-B86B-594388865CD4}.Debug|Any CPU.ActiveCfg = Debug|Any CPU
		{D5FCACDE-239C-4494-B86B-594388865CD4}.Debug|Any CPU.Build.0 = Debug|Any CPU
		{D5FCACDE-239C-4494-B86B-594388865CD4}.Debug|Any CPU.Deploy.0 = Debug|Any CPU
		{D5FCACDE-239C-4494-B86B-594388865CD4}.Release|Any CPU.ActiveCfg = Release|Any CPU
		{D5FCACDE-239C-4494-B86B-594388865CD4}.Release|Any CPU.Build.0 = Release|Any CPU
		{D5FCACDE-239C-4494-B86B-594388865CD4}.Release|Any CPU.Deploy.0 = Release|Any CPU
	EndGlobalSection
	GlobalSection(SolutionProperties) = preSolution
		HideSolutionNode = FALSE
	EndGlobalSection
	GlobalSection(ExtensibilityGlobals) = postSolution
		SolutionGuid = {0C01A805-EAEB-42C8-A211-45378C699848}
	EndGlobalSection
EndGlobal
